
Microsoft Visual Studio Solution File, Format Version 12.00
# Visual Studio Version 16
VisualStudioVersion = 16.0.31205.134
MinimumVisualStudioVersion = 10.0.40219.1
Project("{2150E333-8FDC-42A3-9474-1A3956D46DE8}") = "Models", "Models", "{ECE3C2FB-4E61-4F60-A229-0010FFF5DA91}"
EndProject
Project("{9A19103F-16F7-4668-BE54-9A1E7A4F7556}") = "THA.Model.User", "..\Models\THA.Model.User\THA.Model.User.csproj", "{7C3843C3-2C72-42C0-ACDB-0C4B2D0AFA78}"
EndProject
Project("{9A19103F-16F7-4668-BE54-9A1E7A4F7556}") = "THA.Model.Product", "..\Models\THA.Model.Product\THA.Model.Product.csproj", "{D0F8236E-E8C0-4E19-B066-62AAF8DD0C5B}"
EndProject
Project("{9A19103F-16F7-4668-BE54-9A1E7A4F7556}") = "THA.Model.Core", "..\Models\THA.Model.Core\THA.Model.Core.csproj", "{5ADFAAA9-1519-49F5-B071-9AA52625DEBE}"
EndProject
Project("{9A19103F-16F7-4668-BE54-9A1E7A4F7556}") = "THA.Model.Base", "..\Models\THA.Model.Base\THA.Model.Base.csproj", "{F4E78E96-9A1B-434C-8E76-6EFDFB105927}"
EndProject
Project("{2150E333-8FDC-42A3-9474-1A3956D46DE8}") = "Services", "Services", "{3D03B259-DB81-4244-8FE3-6ABAD1078FB9}"
EndProject
Project("{9A19103F-16F7-4668-BE54-9A1E7A4F7556}") = "THA.Service.Users", "..\Services\THA.Service.Users\THA.Service.Users.csproj", "{F1CAFF6C-3297-4D4E-9053-1B1403259052}"
EndProject
Project("{2150E333-8FDC-42A3-9474-1A3956D46DE8}") = "Entities", "Entities", "{A9E49D99-0147-4BE7-B8E3-1F3919E65784}"
EndProject
Project("{9A19103F-16F7-4668-BE54-9A1E7A4F7556}") = "THA.Entity.Users", "..\Entities\THA.Entity.Users\THA.Entity.Users.csproj", "{7037F0F9-6321-4FA2-A2E7-B72987023ACC}"
EndProject
Project("{2150E333-8FDC-42A3-9474-1A3956D46DE8}") = "Core", "Core", "{A98EE84C-007E-4C64-A37C-B87BC02EC4DA}"
EndProject
Project("{9A19103F-16F7-4668-BE54-9A1E7A4F7556}") = "THA.Core.Authorization", "..\Core\THA.Core.Authorization\THA.Core.Authorization.csproj", "{8F3BD20E-50E1-48D1-A53C-1C117D8A4AF7}"
EndProject
Project("{2150E333-8FDC-42A3-9474-1A3956D46DE8}") = "DBInit", "DBInit", "{078DF2A3-7D9E-4C9F-B303-6B52C78EC2CB}"
EndProject
Project("{9A19103F-16F7-4668-BE54-9A1E7A4F7556}") = "THA_Api", "THA_Api.csproj", "{1C7DA285-A384-4EB1-AB67-691C70C76074}"
EndProject
Project("{FAE04EC0-301F-11D3-BF4B-00C04F79EFBC}") = "THA.Model.Account", "..\Models\THA.Model.Account\THA.Model.Account.csproj", "{8114DC74-C0D0-4A0C-85DF-E6C98A09E098}"
EndProject
Project("{FAE04EC0-301F-11D3-BF4B-00C04F79EFBC}") = "THA.Model.AppSetting", "..\Models\THA.Model.AppSettings\THA.Model.AppSetting.csproj", "{005F7AC0-6ED9-48B6-9C10-439B2BF28E45}"
EndProject
Project("{FAE04EC0-301F-11D3-BF4B-00C04F79EFBC}") = "THA.Entity.Products", "..\Entities\THA.Entity.Products\THA.Entity.Products.csproj", "{1649E0D2-7EFE-4DF9-A76F-D8595E56A6A0}"
EndProject
Project("{9A19103F-16F7-4668-BE54-9A1E7A4F7556}") = "THA.DBInit", "..\DBInit\THA.DBInit\THA.DBInit.csproj", "{1B9ED870-30EB-4B5B-957F-F7B17E12FEE8}"
EndProject
Project("{FAE04EC0-301F-11D3-BF4B-00C04F79EFBC}") = "THA.Entity.Main", "..\Entities\THA.Entity.Main\THA.Entity.Main.csproj", "{F62D893B-6068-4832-B7E2-81469105BB34}"
EndProject
Project("{FAE04EC0-301F-11D3-BF4B-00C04F79EFBC}") = "THA.Entity.Base", "..\Entities\THA.Entity.Base\THA.Entity.Base.csproj", "{1504D46D-A07B-46DA-B3B3-2A8795DA9777}"
EndProject
Project("{FAE04EC0-301F-11D3-BF4B-00C04F79EFBC}") = "THA.Service.Base", "..\Services\THA.Service.Base\THA.Service.Base.csproj", "{88AEBA03-2EA3-44FA-B06D-8A889D418126}"
EndProject
Project("{FAE04EC0-301F-11D3-BF4B-00C04F79EFBC}") = "THA.Service.Product", "..\Services\THA.Service.Product\THA.Service.Product.csproj", "{1F746194-2229-422E-A852-B3D86FD3B00C}"
EndProject
Global
	GlobalSection(SolutionConfigurationPlatforms) = preSolution
		Debug|Any CPU = Debug|Any CPU
		Release|Any CPU = Release|Any CPU
	EndGlobalSection
	GlobalSection(ProjectConfigurationPlatforms) = postSolution
		{7C3843C3-2C72-42C0-ACDB-0C4B2D0AFA78}.Debug|Any CPU.ActiveCfg = Debug|Any CPU
		{7C3843C3-2C72-42C0-ACDB-0C4B2D0AFA78}.Debug|Any CPU.Build.0 = Debug|Any CPU
		{7C3843C3-2C72-42C0-ACDB-0C4B2D0AFA78}.Release|Any CPU.ActiveCfg = Release|Any CPU
		{7C3843C3-2C72-42C0-ACDB-0C4B2D0AFA78}.Release|Any CPU.Build.0 = Release|Any CPU
		{D0F8236E-E8C0-4E19-B066-62AAF8DD0C5B}.Debug|Any CPU.ActiveCfg = Debug|Any CPU
		{D0F8236E-E8C0-4E19-B066-62AAF8DD0C5B}.Debug|Any CPU.Build.0 = Debug|Any CPU
		{D0F8236E-E8C0-4E19-B066-62AAF8DD0C5B}.Release|Any CPU.ActiveCfg = Release|Any CPU
		{D0F8236E-E8C0-4E19-B066-62AAF8DD0C5B}.Release|Any CPU.Build.0 = Release|Any CPU
		{5ADFAAA9-1519-49F5-B071-9AA52625DEBE}.Debug|Any CPU.ActiveCfg = Debug|Any CPU
		{5ADFAAA9-1519-49F5-B071-9AA52625DEBE}.Debug|Any CPU.Build.0 = Debug|Any CPU
		{5ADFAAA9-1519-49F5-B071-9AA52625DEBE}.Release|Any CPU.ActiveCfg = Release|Any CPU
		{5ADFAAA9-1519-49F5-B071-9AA52625DEBE}.Release|Any CPU.Build.0 = Release|Any CPU
		{F4E78E96-9A1B-434C-8E76-6EFDFB105927}.Debug|Any CPU.ActiveCfg = Debug|Any CPU
		{F4E78E96-9A1B-434C-8E76-6EFDFB105927}.Debug|Any CPU.Build.0 = Debug|Any CPU
		{F4E78E96-9A1B-434C-8E76-6EFDFB105927}.Release|Any CPU.ActiveCfg = Release|Any CPU
		{F4E78E96-9A1B-434C-8E76-6EFDFB105927}.Release|Any CPU.Build.0 = Release|Any CPU
		{F1CAFF6C-3297-4D4E-9053-1B1403259052}.Debug|Any CPU.ActiveCfg = Debug|Any CPU
		{F1CAFF6C-3297-4D4E-9053-1B1403259052}.Debug|Any CPU.Build.0 = Debug|Any CPU
		{F1CAFF6C-3297-4D4E-9053-1B1403259052}.Release|Any CPU.ActiveCfg = Release|Any CPU
		{F1CAFF6C-3297-4D4E-9053-1B1403259052}.Release|Any CPU.Build.0 = Release|Any CPU
		{7037F0F9-6321-4FA2-A2E7-B72987023ACC}.Debug|Any CPU.ActiveCfg = Debug|Any CPU
		{7037F0F9-6321-4FA2-A2E7-B72987023ACC}.Debug|Any CPU.Build.0 = Debug|Any CPU
		{7037F0F9-6321-4FA2-A2E7-B72987023ACC}.Release|Any CPU.ActiveCfg = Release|Any CPU
		{7037F0F9-6321-4FA2-A2E7-B72987023ACC}.Release|Any CPU.Build.0 = Release|Any CPU
		{8F3BD20E-50E1-48D1-A53C-1C117D8A4AF7}.Debug|Any CPU.ActiveCfg = Debug|Any CPU
		{8F3BD20E-50E1-48D1-A53C-1C117D8A4AF7}.Debug|Any CPU.Build.0 = Debug|Any CPU
		{8F3BD20E-50E1-48D1-A53C-1C117D8A4AF7}.Release|Any CPU.ActiveCfg = Release|Any CPU
		{8F3BD20E-50E1-48D1-A53C-1C117D8A4AF7}.Release|Any CPU.Build.0 = Release|Any CPU
		{1C7DA285-A384-4EB1-AB67-691C70C76074}.Debug|Any CPU.ActiveCfg = Debug|Any CPU
		{1C7DA285-A384-4EB1-AB67-691C70C76074}.Debug|Any CPU.Build.0 = Debug|Any CPU
		{1C7DA285-A384-4EB1-AB67-691C70C76074}.Release|Any CPU.ActiveCfg = Release|Any CPU
		{1C7DA285-A384-4EB1-AB67-691C70C76074}.Release|Any CPU.Build.0 = Release|Any CPU
		{8114DC74-C0D0-4A0C-85DF-E6C98A09E098}.Debug|Any CPU.ActiveCfg = Debug|Any CPU
		{8114DC74-C0D0-4A0C-85DF-E6C98A09E098}.Debug|Any CPU.Build.0 = Debug|Any CPU
		{8114DC74-C0D0-4A0C-85DF-E6C98A09E098}.Release|Any CPU.ActiveCfg = Release|Any CPU
		{8114DC74-C0D0-4A0C-85DF-E6C98A09E098}.Release|Any CPU.Build.0 = Release|Any CPU
		{005F7AC0-6ED9-48B6-9C10-439B2BF28E45}.Debug|Any CPU.ActiveCfg = Debug|Any CPU
		{005F7AC0-6ED9-48B6-9C10-439B2BF28E45}.Debug|Any CPU.Build.0 = Debug|Any CPU
		{005F7AC0-6ED9-48B6-9C10-439B2BF28E45}.Release|Any CPU.ActiveCfg = Release|Any CPU
		{005F7AC0-6ED9-48B6-9C10-439B2BF28E45}.Release|Any CPU.Build.0 = Release|Any CPU
		{1649E0D2-7EFE-4DF9-A76F-D8595E56A6A0}.Debug|Any CPU.ActiveCfg = Debug|Any CPU
		{1649E0D2-7EFE-4DF9-A76F-D8595E56A6A0}.Debug|Any CPU.Build.0 = Debug|Any CPU
		{1649E0D2-7EFE-4DF9-A76F-D8595E56A6A0}.Release|Any CPU.ActiveCfg = Release|Any CPU
		{1649E0D2-7EFE-4DF9-A76F-D8595E56A6A0}.Release|Any CPU.Build.0 = Release|Any CPU
		{1B9ED870-30EB-4B5B-957F-F7B17E12FEE8}.Debug|Any CPU.ActiveCfg = Debug|Any CPU
		{1B9ED870-30EB-4B5B-957F-F7B17E12FEE8}.Debug|Any CPU.Build.0 = Debug|Any CPU
		{1B9ED870-30EB-4B5B-957F-F7B17E12FEE8}.Release|Any CPU.ActiveCfg = Release|Any CPU
		{1B9ED870-30EB-4B5B-957F-F7B17E12FEE8}.Release|Any CPU.Build.0 = Release|Any CPU
		{F62D893B-6068-4832-B7E2-81469105BB34}.Debug|Any CPU.ActiveCfg = Debug|Any CPU
		{F62D893B-6068-4832-B7E2-81469105BB34}.Debug|Any CPU.Build.0 = Debug|Any CPU
		{F62D893B-6068-4832-B7E2-81469105BB34}.Release|Any CPU.ActiveCfg = Release|Any CPU
		{F62D893B-6068-4832-B7E2-81469105BB34}.Release|Any CPU.Build.0 = Release|Any CPU
		{1504D46D-A07B-46DA-B3B3-2A8795DA9777}.Debug|Any CPU.ActiveCfg = Debug|Any CPU
		{1504D46D-A07B-46DA-B3B3-2A8795DA9777}.Debug|Any CPU.Build.0 = Debug|Any CPU
		{1504D46D-A07B-46DA-B3B3-2A8795DA9777}.Release|Any CPU.ActiveCfg = Release|Any CPU
		{1504D46D-A07B-46DA-B3B3-2A8795DA9777}.Release|Any CPU.Build.0 = Release|Any CPU
		{88AEBA03-2EA3-44FA-B06D-8A889D418126}.Debug|Any CPU.ActiveCfg = Debug|Any CPU
		{88AEBA03-2EA3-44FA-B06D-8A889D418126}.Debug|Any CPU.Build.0 = Debug|Any CPU
		{88AEBA03-2EA3-44FA-B06D-8A889D418126}.Release|Any CPU.ActiveCfg = Release|Any CPU
		{88AEBA03-2EA3-44FA-B06D-8A889D418126}.Release|Any CPU.Build.0 = Release|Any CPU
		{1F746194-2229-422E-A852-B3D86FD3B00C}.Debug|Any CPU.ActiveCfg = Debug|Any CPU
		{1F746194-2229-422E-A852-B3D86FD3B00C}.Debug|Any CPU.Build.0 = Debug|Any CPU
		{1F746194-2229-422E-A852-B3D86FD3B00C}.Release|Any CPU.ActiveCfg = Release|Any CPU
		{1F746194-2229-422E-A852-B3D86FD3B00C}.Release|Any CPU.Build.0 = Release|Any CPU
	EndGlobalSection
	GlobalSection(SolutionProperties) = preSolution
		HideSolutionNode = FALSE
	EndGlobalSection
	GlobalSection(NestedProjects) = preSolution
		{7C3843C3-2C72-42C0-ACDB-0C4B2D0AFA78} = {ECE3C2FB-4E61-4F60-A229-0010FFF5DA91}
		{D0F8236E-E8C0-4E19-B066-62AAF8DD0C5B} = {ECE3C2FB-4E61-4F60-A229-0010FFF5DA91}
		{5ADFAAA9-1519-49F5-B071-9AA52625DEBE} = {ECE3C2FB-4E61-4F60-A229-0010FFF5DA91}
		{F4E78E96-9A1B-434C-8E76-6EFDFB105927} = {ECE3C2FB-4E61-4F60-A229-0010FFF5DA91}
		{F1CAFF6C-3297-4D4E-9053-1B1403259052} = {3D03B259-DB81-4244-8FE3-6ABAD1078FB9}
		{7037F0F9-6321-4FA2-A2E7-B72987023ACC} = {A9E49D99-0147-4BE7-B8E3-1F3919E65784}
		{8F3BD20E-50E1-48D1-A53C-1C117D8A4AF7} = {A98EE84C-007E-4C64-A37C-B87BC02EC4DA}
		{8114DC74-C0D0-4A0C-85DF-E6C98A09E098} = {ECE3C2FB-4E61-4F60-A229-0010FFF5DA91}
		{005F7AC0-6ED9-48B6-9C10-439B2BF28E45} = {ECE3C2FB-4E61-4F60-A229-0010FFF5DA91}
		{1649E0D2-7EFE-4DF9-A76F-D8595E56A6A0} = {A9E49D99-0147-4BE7-B8E3-1F3919E65784}
		{1B9ED870-30EB-4B5B-957F-F7B17E12FEE8} = {078DF2A3-7D9E-4C9F-B303-6B52C78EC2CB}
		{F62D893B-6068-4832-B7E2-81469105BB34} = {A9E49D99-0147-4BE7-B8E3-1F3919E65784}
		{1504D46D-A07B-46DA-B3B3-2A8795DA9777} = {A9E49D99-0147-4BE7-B8E3-1F3919E65784}
		{88AEBA03-2EA3-44FA-B06D-8A889D418126} = {3D03B259-DB81-4244-8FE3-6ABAD1078FB9}
		{1F746194-2229-422E-A852-B3D86FD3B00C} = {3D03B259-DB81-4244-8FE3-6ABAD1078FB9}
	EndGlobalSection
	GlobalSection(ExtensibilityGlobals) = postSolution
		SolutionGuid = {EFA8D513-F0F4-407C-9C19-5DF0984BFE1F}
	EndGlobalSection
EndGlobal
